
Microsoft Visual Studio Solution File, Format Version 12.00
# Visual Studio Version 17
VisualStudioVersion = 17.14.36429.23 d17.14
MinimumVisualStudioVersion = 10.0.40219.1
Project("{54A90642-561A-4BB1-A94E-469ADEE60C69}") = "realstate-servcices.client", "realstate-servcices.client\realstate-servcices.client.esproj", "{94A346B9-3E13-8F59-9154-04A704B30093}"
EndProject
Project("{FAE04EC0-301F-11D3-BF4B-00C04F79EFBC}") = "Realstate-servcices.Server", "Realstate-servcices.Server\Realstate-servcices.Server.csproj", "{BD4E24A2-5020-4D65-A3A4-FB8EEBA5BFD8}"
EndProject
Global
	GlobalSection(SolutionConfigurationPlatforms) = preSolution
		Debug|Any CPU = Debug|Any CPU
		Release|Any CPU = Release|Any CPU
	EndGlobalSection
	GlobalSection(ProjectConfigurationPlatforms) = postSolution
		{94A346B9-3E13-8F59-9154-04A704B30093}.Debug|Any CPU.ActiveCfg = Debug|Any CPU
		{94A346B9-3E13-8F59-9154-04A704B30093}.Debug|Any CPU.Build.0 = Debug|Any CPU
		{94A346B9-3E13-8F59-9154-04A704B30093}.Debug|Any CPU.Deploy.0 = Debug|Any CPU
		{94A346B9-3E13-8F59-9154-04A704B30093}.Release|Any CPU.ActiveCfg = Release|Any CPU
		{94A346B9-3E13-8F59-9154-04A704B30093}.Release|Any CPU.Build.0 = Release|Any CPU
		{94A346B9-3E13-8F59-9154-04A704B30093}.Release|Any CPU.Deploy.0 = Release|Any CPU
		{BD4E24A2-5020-4D65-A3A4-FB8EEBA5BFD8}.Debug|Any CPU.ActiveCfg = Debug|Any CPU
		{BD4E24A2-5020-4D65-A3A4-FB8EEBA5BFD8}.Debug|Any CPU.Build.0 = Debug|Any CPU
		{BD4E24A2-5020-4D65-A3A4-FB8EEBA5BFD8}.Release|Any CPU.ActiveCfg = Release|Any CPU
		{BD4E24A2-5020-4D65-A3A4-FB8EEBA5BFD8}.Release|Any CPU.Build.0 = Release|Any CPU
	EndGlobalSection
	GlobalSection(SolutionProperties) = preSolution
		HideSolutionNode = FALSE
	EndGlobalSection
	GlobalSection(ExtensibilityGlobals) = postSolution
		SolutionGuid = {383E65E1-35E9-472A-A08D-4DF46A3F1606}
	EndGlobalSection
EndGlobal
